
Microsoft Visual Studio Solution File, Format Version 12.00
# Visual Studio Version 16
VisualStudioVersion = 16.0.30225.117
MinimumVisualStudioVersion = 10.0.40219.1
Project("{FAE04EC0-301F-11D3-BF4B-00C04F79EFBC}") = "ClassMetotDemo", "ClassMetotDemo\ClassMetotDemo.csproj", "{F21CC301-546F-481D-BE27-81815CE99753}"
EndProject
Global
	GlobalSection(SolutionConfigurationPlatforms) = preSolution
		Debug|Any CPU = Debug|Any CPU
		Release|Any CPU = Release|Any CPU
	EndGlobalSection
	GlobalSection(ProjectConfigurationPlatforms) = postSolution
		{F21CC301-546F-481D-BE27-81815CE99753}.Debug|Any CPU.ActiveCfg = Debug|Any CPU
		{F21CC301-546F-481D-BE27-81815CE99753}.Debug|Any CPU.Build.0 = Debug|Any CPU
		{F21CC301-546F-481D-BE27-81815CE99753}.Release|Any CPU.ActiveCfg = Release|Any CPU
		{F21CC301-546F-481D-BE27-81815CE99753}.Release|Any CPU.Build.0 = Release|Any CPU
	EndGlobalSection
	GlobalSection(SolutionProperties) = preSolution
		HideSolutionNode = FALSE
	EndGlobalSection
	GlobalSection(ExtensibilityGlobals) = postSolution
		SolutionGuid = {D7DA626F-528C-442E-937E-D0EBEFBBCD0F}
	EndGlobalSection
EndGlobal
